// !$*UTF8*$!
{
	archiveVersion = 1;
	classes = {
	};
	objectVersion = 46;
	objects = {

/* Begin PBXBuildFile section */
		22FD73601F0E997F0018B890 /* AppDelegate.swift in Sources */ = {isa = PBXBuildFile; fileRef = 22FD735F1F0E997F0018B890 /* AppDelegate.swift */; };
		22FD73621F0E997F0018B890 /* ViewController.swift in Sources */ = {isa = PBXBuildFile; fileRef = 22FD73611F0E997F0018B890 /* ViewController.swift */; };
		22FD73651F0E997F0018B890 /* Main.storyboard in Resources */ = {isa = PBXBuildFile; fileRef = 22FD73631F0E997F0018B890 /* Main.storyboard */; };
		22FD73671F0E997F0018B890 /* Assets.xcassets in Resources */ = {isa = PBXBuildFile; fileRef = 22FD73661F0E997F0018B890 /* Assets.xcassets */; };
		22FD736A1F0E997F0018B890 /* LaunchScreen.storyboard in Resources */ = {isa = PBXBuildFile; fileRef = 22FD73681F0E997F0018B890 /* LaunchScreen.storyboard */; };
		22FD73901F0EA5010018B890 /* ConstraintsViewController.swift in Sources */ = {isa = PBXBuildFile; fileRef = 22FD738F1F0EA5010018B890 /* ConstraintsViewController.swift */; };
		22FD73921F0ED5190018B890 /* TransformViewController.swift in Sources */ = {isa = PBXBuildFile; fileRef = 22FD73911F0ED5190018B890 /* TransformViewController.swift */; };
/* End PBXBuildFile section */

/* Begin PBXFileReference section */
		22FD735C1F0E997F0018B890 /* DynamicsDemo.app */ = {isa = PBXFileReference; explicitFileType = wrapper.application; includeInIndex = 0; path = DynamicsDemo.app; sourceTree = BUILT_PRODUCTS_DIR; };
		22FD735F1F0E997F0018B890 /* AppDelegate.swift */ = {isa = PBXFileReference; lastKnownFileType = sourcecode.swift; path = AppDelegate.swift; sourceTree = "<group>"; };
		22FD73611F0E997F0018B890 /* ViewController.swift */ = {isa = PBXFileReference; lastKnownFileType = sourcecode.swift; path = ViewController.swift; sourceTree = "<group>"; };
		22FD73641F0E997F0018B890 /* Base */ = {isa = PBXFileReference; lastKnownFileType = file.storyboard; name = Base; path = Base.lproj/Main.storyboard; sourceTree = "<group>"; };
		22FD73661F0E997F0018B890 /* Assets.xcassets */ = {isa = PBXFileReference; lastKnownFileType = folder.assetcatalog; path = Assets.xcassets; sourceTree = "<group>"; };
		22FD73691F0E997F0018B890 /* Base */ = {isa = PBXFileReference; lastKnownFileType = file.storyboard; name = Base; path = Base.lproj/LaunchScreen.storyboard; sourceTree = "<group>"; };
		22FD736B1F0E997F0018B890 /* Info.plist */ = {isa = PBXFileReference; lastKnownFileType = text.plist.xml; path = Info.plist; sourceTree = "<group>"; };
		22FD738F1F0EA5010018B890 /* ConstraintsViewController.swift */ = {isa = PBXFileReference; fileEncoding = 4; lastKnownFileType = sourcecode.swift; path = ConstraintsViewController.swift; sourceTree = "<group>"; };
		22FD73911F0ED5190018B890 /* TransformViewController.swift */ = {isa = PBXFileReference; fileEncoding = 4; lastKnownFileType = sourcecode.swift; path = TransformViewController.swift; sourceTree = "<group>"; };
/* End PBXFileReference section */

/* Begin PBXFrameworksBuildPhase section */
		22FD73591F0E997F0018B890 /* Frameworks */ = {
			isa = PBXFrameworksBuildPhase;
			buildActionMask = 2147483647;
			files = (
			);
			runOnlyForDeploymentPostprocessing = 0;
		};
/* End PBXFrameworksBuildPhase section */

/* Begin PBXGroup section */
		22FD73531F0E997F0018B890 = {
			isa = PBXGroup;
			children = (
				22FD735E1F0E997F0018B890 /* DynamicsDemo */,
				22FD735D1F0E997F0018B890 /* Products */,
			);
			sourceTree = "<group>";
		};
		22FD735D1F0E997F0018B890 /* Products */ = {
			isa = PBXGroup;
			children = (
				22FD735C1F0E997F0018B890 /* DynamicsDemo.app */,
			);
			name = Products;
			sourceTree = "<group>";
		};
		22FD735E1F0E997F0018B890 /* DynamicsDemo */ = {
			isa = PBXGroup;
			children = (
				22FD735F1F0E997F0018B890 /* AppDelegate.swift */,
				22FD73611F0E997F0018B890 /* ViewController.swift */,
				22FD738F1F0EA5010018B890 /* ConstraintsViewController.swift */,
				22FD73911F0ED5190018B890 /* TransformViewController.swift */,
				22FD73631F0E997F0018B890 /* Main.storyboard */,
				22FD73661F0E997F0018B890 /* Assets.xcassets */,
				22FD73681F0E997F0018B890 /* LaunchScreen.storyboard */,
				22FD736B1F0E997F0018B890 /* Info.plist */,
			);
			path = DynamicsDemo;
			sourceTree = "<group>";
		};
/* End PBXGroup section */

/* Begin PBXNativeTarget section */
		22FD735B1F0E997F0018B890 /* DynamicsDemo */ = {
			isa = PBXNativeTarget;
			buildConfigurationList = 22FD736E1F0E997F0018B890 /* Build configuration list for PBXNativeTarget "DynamicsDemo" */;
			buildPhases = (
				22FD73581F0E997F0018B890 /* Sources */,
				22FD73591F0E997F0018B890 /* Frameworks */,
				22FD735A1F0E997F0018B890 /* Resources */,
			);
			buildRules = (
			);
			dependencies = (
			);
			name = DynamicsDemo;
			productName = DynamicsDemo;
			productReference = 22FD735C1F0E997F0018B890 /* DynamicsDemo.app */;
			productType = "com.apple.product-type.application";
		};
/* End PBXNativeTarget section */

/* Begin PBXProject section */
		22FD73541F0E997F0018B890 /* Project object */ = {
			isa = PBXProject;
			attributes = {
				LastSwiftUpdateCheck = 0830;
				LastUpgradeCheck = 0830;
				ORGANIZATIONNAME = "Sam Meech-Ward";
				TargetAttributes = {
					22FD735B1F0E997F0018B890 = {
						CreatedOnToolsVersion = 8.3.3;
						DevelopmentTeam = 7GT6EK8D4J;
						ProvisioningStyle = Automatic;
					};
				};
			};
			buildConfigurationList = 22FD73571F0E997F0018B890 /* Build configuration list for PBXProject "DynamicsDemo" */;
			compatibilityVersion = "Xcode 3.2";
			developmentRegion = English;
			hasScannedForEncodings = 0;
			knownRegions = (
				en,
				Base,
			);
			mainGroup = 22FD73531F0E997F0018B890;
			productRefGroup = 22FD735D1F0E997F0018B890 /* Products */;
			projectDirPath = "";
			projectRoot = "";
			targets = (
				22FD735B1F0E997F0018B890 /* DynamicsDemo */,
			);
		};
/* End PBXProject section */

/* Begin PBXResourcesBuildPhase section */
		22FD735A1F0E997F0018B890 /* Resources */ = {
			isa = PBXResourcesBuildPhase;
			buildActionMask = 2147483647;
			files = (
				22FD736A1F0E997F0018B890 /* LaunchScreen.storyboard in Resources */,
				22FD73671F0E997F0018B890 /* Assets.xcassets in Resources */,
				22FD73651F0E997F0018B890 /* Main.storyboard in Resources */,
			);
			runOnlyForDeploymentPostprocessing = 0;
		};
/* End PBXResourcesBuildPhase section */

/* Begin PBXSourcesBuildPhase section */
		22FD73581F0E997F0018B890 /* Sources */ = {
			isa = PBXSourcesBuildPhase;
			buildActionMask = 2147483647;
			files = (
				22FD73621F0E997F0018B890 /* ViewController.swift in Sources */,
				22FD73901F0EA5010018B890 /* ConstraintsViewController.swift in Sources */,
				22FD73601F0E997F0018B890 /* AppDelegate.swift in Sources */,
				22FD73921F0ED5190018B890 /* TransformViewController.swift in Sources */,
			);
			runOnlyForDeploymentPostprocessing = 0;
		};
/* End PBXSourcesBuildPhase section */

/* Begin PBXVariantGroup section */
		22FD73631F0E997F0018B890 /* Main.storyboard */ = {
			isa = PBXVariantGroup;
			children = (
				22FD73641F0E997F0018B890 /* Base */,
			);
			name = Main.storyboard;
			sourceTree = "<group>";
		};
		22FD73681F0E997F0018B890 /* LaunchScreen.storyboard */ = {
			isa = PBXVariantGroup;
			children = (
				22FD73691F0E997F0018B890 /* Base */,
			);
			name = LaunchScreen.storyboard;
			sourceTree = "<group>";
		};
/* End PBXVariantGroup section */

/* Begin XCBuildConfiguration section */
		22FD736C1F0E997F0018B890 /* Debug */ = {
			isa = XCBuildConfiguration;
			buildSettings = {
				ALWAYS_SEARCH_USER_PATHS = NO;
				CLANG_ANALYZER_NONNULL = YES;
				CLANG_ANALYZER_NUMBER_OBJECT_CONVERSION = YES_AGGRESSIVE;
				CLANG_CXX_LANGUAGE_STANDARD = "gnu++0x";
				CLANG_CXX_LIBRARY = "libc++";
				CLANG_ENABLE_MODULES = YES;
				CLANG_ENABLE_OBJC_ARC = YES;
				CLANG_WARN_BOOL_CONVERSION = YES;
				CLANG_WARN_CONSTANT_CONVERSION = YES;
				CLANG_WARN_DIRECT_OBJC_ISA_USAGE = YES_ERROR;
				CLANG_WARN_DOCUMENTATION_COMMENTS = YES;
				CLANG_WARN_EMPTY_BODY = YES;
				CLANG_WARN_ENUM_CONVERSION = YES;
				CLANG_WARN_INFINITE_RECURSION = YES;
				CLANG_WARN_INT_CONVERSION = YES;
				CLANG_WARN_OBJC_ROOT_CLASS = YES_ERROR;
				CLANG_WARN_SUSPICIOUS_MOVE = YES;
				CLANG_WARN_UNREACHABLE_CODE = YES;
				CLANG_WARN__DUPLICATE_METHOD_MATCH = YES;
				"CODE_SIGN_IDENTITY[sdk=iphoneos*]" = "iPhone Developer";
				COPY_PHASE_STRIP = NO;
				DEBUG_INFORMATION_FORMAT = dwarf;
				ENABLE_STRICT_OBJC_MSGSEND = YES;
				ENABLE_TESTABILITY = YES;
				GCC_C_LANGUAGE_STANDARD = gnu99;
				GCC_DYNAMIC_NO_PIC = NO;
				GCC_NO_COMMON_BLOCKS = YES;
				GCC_OPTIMIZATION_LEVEL = 0;
				GCC_PREPROCESSOR_DEFINITIONS = (
					"DEBUG=1",
					"$(inherited)",
				);
				GCC_WARN_64_TO_32_BIT_CONVERSION = YES;
				GCC_WARN_ABOUT_RETURN_TYPE = YES_ERROR;
				GCC_WARN_UNDECLARED_SELECTOR = YES;
				GCC_WARN_UNINITIALIZED_AUTOS = YES_AGGRESSIVE;
				GCC_WARN_UNUSED_FUNCTION = YES;
				GCC_WARN_UNUSED_VARIABLE = YES;
				IPHONEOS_DEPLOYMENT_TARGET = 10.3;
				MTL_ENABLE_DEBUG_INFO = YES;
				ONLY_ACTIVE_ARCH = YES;
				SDKROOT = iphoneos;
				SWIFT_ACTIVE_COMPILATION_CONDITIONS = DEBUG;
				SWIFT_OPTIMIZATION_LEVEL = "-Onone";
			};
			name = Debug;
		};
		22FD736D1F0E997F0018B890 /* Release */ = {
			isa = XCBuildConfiguration;
			buildSettings = {
				ALWAYS_SEARCH_USER_PATHS = NO;
				CLANG_ANALYZER_NONNULL = YES;
				CLANG_ANALYZER_NUMBER_OBJECT_CONVERSION = YES_AGGRESSIVE;
				CLANG_CXX_LANGUAGE_STANDARD = "gnu++0x";
				CLANG_CXX_LIBRARY = "libc++";
				CLANG_ENABLE_MODULES = YES;
				CLANG_ENABLE_OBJC_ARC = YES;
				CLANG_WARN_BOOL_CONVERSION = YES;
				CLANG_WARN_CONSTANT_CONVERSION = YES;
				CLANG_WARN_DIRECT_OBJC_ISA_USAGE = YES_ERROR;
				CLANG_WARN_DOCUMENTATION_COMMENTS = YES;
				CLANG_WARN_EMPTY_BODY = YES;
				CLANG_WARN_ENUM_CONVERSION = YES;
				CLANG_WARN_INFINITE_RECURSION = YES;
				CLANG_WARN_INT_CONVERSION = YES;
				CLANG_WARN_OBJC_ROOT_CLASS = YES_ERROR;
				CLANG_WARN_SUSPICIOUS_MOVE = YES;
				CLANG_WARN_UNREACHABLE_CODE = YES;
				CLANG_WARN__DUPLICATE_METHOD_MATCH = YES;
				"CODE_SIGN_IDENTITY[sdk=iphoneos*]" = "iPhone Developer";
				COPY_PHASE_STRIP = NO;
				DEBUG_INFORMATION_FORMAT = "dwarf-with-dsym";
				ENABLE_NS_ASSERTIONS = NO;
				ENABLE_STRICT_OBJC_MSGSEND = YES;
				GCC_C_LANGUAGE_STANDARD = gnu99;
				GCC_NO_COMMON_BLOCKS = YES;
				GCC_WARN_64_TO_32_BIT_CONVERSION = YES;
				GCC_WARN_ABOUT_RETURN_TYPE = YES_ERROR;
				GCC_WARN_UNDECLARED_SELECTOR = YES;
				GCC_WARN_UNINITIALIZED_AUTOS = YES_AGGRESSIVE;
				GCC_WARN_UNUSED_FUNCTION = YES;
				GCC_WARN_UNUSED_VARIABLE = YES;
				IPHONEOS_DEPLOYMENT_TARGET = 10.3;
				MTL_ENABLE_DEBUG_INFO = NO;
				SDKROOT = iphoneos;
				SWIFT_OPTIMIZATION_LEVEL = "-Owholemodule";
				VALIDATE_PRODUCT = YES;
			};
			name = Release;
		};
		22FD736F1F0E997F0018B890 /* Debug */ = {
			isa = XCBuildConfiguration;
			buildSettings = {
				ASSETCATALOG_COMPILER_APPICON_NAME = AppIcon;
				DEVELOPMENT_TEAM = 7GT6EK8D4J;
				INFOPLIST_FILE = DynamicsDemo/Info.plist;
				LD_RUNPATH_SEARCH_PATHS = "$(inherited) @executable_path/Frameworks";
				PRODUCT_BUNDLE_IDENTIFIER = "com.meech-ward.DynamicsDemo";
				PRODUCT_NAME = "$(TARGET_NAME)";
				SWIFT_VERSION = 3.0;
			};
			name = Debug;
		};
		22FD73701F0E997F0018B890 /* Release */ = {
			isa = XCBuildConfiguration;
			buildSettings = {
				ASSETCATALOG_COMPILER_APPICON_NAME = AppIcon;
				DEVELOPMENT_TEAM = 7GT6EK8D4J;
				INFOPLIST_FILE = DynamicsDemo/Info.plist;
				LD_RUNPATH_SEARCH_PATHS = "$(inherited) @executable_path/Frameworks";
				PRODUCT_BUNDLE_IDENTIFIER = "com.meech-ward.DynamicsDemo";
				PRODUCT_NAME = "$(TARGET_NAME)";
				SWIFT_VERSION = 3.0;
			};
			name = Release;
		};
/* End XCBuildConfiguration section */

/* Begin XCConfigurationList section */
		22FD73571F0E997F0018B890 /* Build configuration list for PBXProject "DynamicsDemo" */ = {
			isa = XCConfigurationList;
			buildConfigurations = (
				22FD736C1F0E997F0018B890 /* Debug */,
				22FD736D1F0E997F0018B890 /* Release */,
			);
			defaultConfigurationIsVisible = 0;
			defaultConfigurationName = Release;
		};
		22FD736E1F0E997F0018B890 /* Build configuration list for PBXNativeTarget "DynamicsDemo" */ = {
			isa = XCConfigurationList;
			buildConfigurations = (
				22FD736F1F0E997F0018B890 /* Debug */,
				22FD73701F0E997F0018B890 /* Release */,
			);
			defaultConfigurationIsVisible = 0;
			defaultConfigurationName = Release;
		};
/* End XCConfigurationList section */
	};
	rootObject = 22FD73541F0E997F0018B890 /* Project object */;
}
